
Microsoft Visual Studio Solution File, Format Version 12.00
# Visual Studio Version 16
VisualStudioVersion = 16.0.31025.194
MinimumVisualStudioVersion = 10.0.40219.1
Project("{FAE04EC0-301F-11D3-BF4B-00C04F79EFBC}") = "B21_Ex01_1", "B21_Ex01_1\B21_Ex01_1.csproj", "{F2BEFA79-F7C7-4E6F-B33E-C72559B404EE}"
EndProject
Global
	GlobalSection(SolutionConfigurationPlatforms) = preSolution
		Debug|Any CPU = Debug|Any CPU
		Release|Any CPU = Release|Any CPU
	EndGlobalSection
	GlobalSection(ProjectConfigurationPlatforms) = postSolution
		{F2BEFA79-F7C7-4E6F-B33E-C72559B404EE}.Debug|Any CPU.ActiveCfg = Debug|Any CPU
		{F2BEFA79-F7C7-4E6F-B33E-C72559B404EE}.Debug|Any CPU.Build.0 = Debug|Any CPU
		{F2BEFA79-F7C7-4E6F-B33E-C72559B404EE}.Release|Any CPU.ActiveCfg = Release|Any CPU
		{F2BEFA79-F7C7-4E6F-B33E-C72559B404EE}.Release|Any CPU.Build.0 = Release|Any CPU
	EndGlobalSection
	GlobalSection(SolutionProperties) = preSolution
		HideSolutionNode = FALSE
	EndGlobalSection
	GlobalSection(ExtensibilityGlobals) = postSolution
		SolutionGuid = {D5BF81BE-E222-4A6F-9457-EFA1476A9AB9}
	EndGlobalSection
EndGlobal
