
Microsoft Visual Studio Solution File, Format Version 12.00
# Visual Studio Version 16
VisualStudioVersion = 16.0.31025.194
MinimumVisualStudioVersion = 10.0.40219.1
Project("{FAE04EC0-301F-11D3-BF4B-00C04F79EFBC}") = "B21_Ex01_1", "B21_Ex01_1\B21_Ex01_1.csproj", "{F2BEFA79-F7C7-4E6F-B33E-C72559B404EE}"
EndProject
Project("{9A19103F-16F7-4668-BE54-9A1E7A4F7556}") = "B21_Ex01_2", "B21_Ex01_2\B21_Ex01_2.csproj", "{988788BB-BA17-4772-8821-EB63F4A188C1}"
EndProject
Project("{FAE04EC0-301F-11D3-BF4B-00C04F79EFBC}") = "B21_Ex01_3", "B21_Ex01_3\B21_Ex01_3.csproj", "{FDB771FD-F100-4B10-94AF-12C7E7651C9D}"
EndProject
Global
	GlobalSection(SolutionConfigurationPlatforms) = preSolution
		Debug|Any CPU = Debug|Any CPU
		Release|Any CPU = Release|Any CPU
	EndGlobalSection
	GlobalSection(ProjectConfigurationPlatforms) = postSolution
		{F2BEFA79-F7C7-4E6F-B33E-C72559B404EE}.Debug|Any CPU.ActiveCfg = Debug|Any CPU
		{F2BEFA79-F7C7-4E6F-B33E-C72559B404EE}.Debug|Any CPU.Build.0 = Debug|Any CPU
		{F2BEFA79-F7C7-4E6F-B33E-C72559B404EE}.Release|Any CPU.ActiveCfg = Release|Any CPU
		{F2BEFA79-F7C7-4E6F-B33E-C72559B404EE}.Release|Any CPU.Build.0 = Release|Any CPU
		{988788BB-BA17-4772-8821-EB63F4A188C1}.Debug|Any CPU.ActiveCfg = Debug|Any CPU
		{988788BB-BA17-4772-8821-EB63F4A188C1}.Debug|Any CPU.Build.0 = Debug|Any CPU
		{988788BB-BA17-4772-8821-EB63F4A188C1}.Release|Any CPU.ActiveCfg = Release|Any CPU
		{988788BB-BA17-4772-8821-EB63F4A188C1}.Release|Any CPU.Build.0 = Release|Any CPU
		{FDB771FD-F100-4B10-94AF-12C7E7651C9D}.Debug|Any CPU.ActiveCfg = Debug|Any CPU
		{FDB771FD-F100-4B10-94AF-12C7E7651C9D}.Debug|Any CPU.Build.0 = Debug|Any CPU
		{FDB771FD-F100-4B10-94AF-12C7E7651C9D}.Release|Any CPU.ActiveCfg = Release|Any CPU
		{FDB771FD-F100-4B10-94AF-12C7E7651C9D}.Release|Any CPU.Build.0 = Release|Any CPU
	EndGlobalSection
	GlobalSection(SolutionProperties) = preSolution
		HideSolutionNode = FALSE
	EndGlobalSection
	GlobalSection(ExtensibilityGlobals) = postSolution
		SolutionGuid = {D5BF81BE-E222-4A6F-9457-EFA1476A9AB9}
	EndGlobalSection
EndGlobal
